
Microsoft Visual Studio Solution File, Format Version 12.00
# Visual Studio Version 17
VisualStudioVersion = 17.3.32922.545
MinimumVisualStudioVersion = 10.0.40219.1
Project("{FAE04EC0-301F-11D3-BF4B-00C04F79EFBC}") = "AscendingDescending", "AscendingDescending\AscendingDescending.csproj", "{7B818B7D-0A56-4BE8-BCD1-23E4BE3E88DF}"
EndProject
Global
	GlobalSection(SolutionConfigurationPlatforms) = preSolution
		Debug|Any CPU = Debug|Any CPU
		Release|Any CPU = Release|Any CPU
	EndGlobalSection
	GlobalSection(ProjectConfigurationPlatforms) = postSolution
		{7B818B7D-0A56-4BE8-BCD1-23E4BE3E88DF}.Debug|Any CPU.ActiveCfg = Debug|Any CPU
		{7B818B7D-0A56-4BE8-BCD1-23E4BE3E88DF}.Debug|Any CPU.Build.0 = Debug|Any CPU
		{7B818B7D-0A56-4BE8-BCD1-23E4BE3E88DF}.Release|Any CPU.ActiveCfg = Release|Any CPU
		{7B818B7D-0A56-4BE8-BCD1-23E4BE3E88DF}.Release|Any CPU.Build.0 = Release|Any CPU
	EndGlobalSection
	GlobalSection(SolutionProperties) = preSolution
		HideSolutionNode = FALSE
	EndGlobalSection
	GlobalSection(ExtensibilityGlobals) = postSolution
		SolutionGuid = {EDB6C994-3AE9-4391-A7D8-D96760AC0276}
	EndGlobalSection
EndGlobal
